// !$*UTF8*$!
{
	archiveVersion = 1;
	classes = {
	};
	objectVersion = 55;
	objects = {

/* Begin PBXBuildFile section */
		3361898C28576F69007936D0 /* AppDelegate.swift in Sources */ = {isa = PBXBuildFile; fileRef = 3361898B28576F69007936D0 /* AppDelegate.swift */; };
		3361898E28576F69007936D0 /* SceneDelegate.swift in Sources */ = {isa = PBXBuildFile; fileRef = 3361898D28576F69007936D0 /* SceneDelegate.swift */; };
		3361899028576F69007936D0 /* ViewController.swift in Sources */ = {isa = PBXBuildFile; fileRef = 3361898F28576F69007936D0 /* ViewController.swift */; };
		3361899328576F69007936D0 /* Main.storyboard in Resources */ = {isa = PBXBuildFile; fileRef = 3361899128576F69007936D0 /* Main.storyboard */; };
		3361899528576F6A007936D0 /* Assets.xcassets in Resources */ = {isa = PBXBuildFile; fileRef = 3361899428576F6A007936D0 /* Assets.xcassets */; };
		3361899828576F6A007936D0 /* LaunchScreen.storyboard in Resources */ = {isa = PBXBuildFile; fileRef = 3361899628576F6A007936D0 /* LaunchScreen.storyboard */; };
		336189A128577065007936D0 /* Jeu.swift in Sources */ = {isa = PBXBuildFile; fileRef = 336189A028577065007936D0 /* Jeu.swift */; };
		336189A32857707A007936D0 /* Joueur.swift in Sources */ = {isa = PBXBuildFile; fileRef = 336189A22857707A007936D0 /* Joueur.swift */; };
		336189A5285773EC007936D0 /* Personnage.swift in Sources */ = {isa = PBXBuildFile; fileRef = 336189A4285773EC007936D0 /* Personnage.swift */; };
		336189A728577661007936D0 /* Warrior.swift in Sources */ = {isa = PBXBuildFile; fileRef = 336189A628577661007936D0 /* Warrior.swift */; };
		336189A928577679007936D0 /* Magus.swift in Sources */ = {isa = PBXBuildFile; fileRef = 336189A828577679007936D0 /* Magus.swift */; };
		336189AB2857768A007936D0 /* Colossus.swift in Sources */ = {isa = PBXBuildFile; fileRef = 336189AA2857768A007936D0 /* Colossus.swift */; };
		336189AD2857769C007936D0 /* Dwarf.swift in Sources */ = {isa = PBXBuildFile; fileRef = 336189AC2857769C007936D0 /* Dwarf.swift */; };
/* End PBXBuildFile section */

/* Begin PBXFileReference section */
		3361898828576F69007936D0 /* Game.app */ = {isa = PBXFileReference; explicitFileType = wrapper.application; includeInIndex = 0; path = Game.app; sourceTree = BUILT_PRODUCTS_DIR; };
		3361898B28576F69007936D0 /* AppDelegate.swift */ = {isa = PBXFileReference; lastKnownFileType = sourcecode.swift; path = AppDelegate.swift; sourceTree = "<group>"; };
		3361898D28576F69007936D0 /* SceneDelegate.swift */ = {isa = PBXFileReference; lastKnownFileType = sourcecode.swift; path = SceneDelegate.swift; sourceTree = "<group>"; };
		3361898F28576F69007936D0 /* ViewController.swift */ = {isa = PBXFileReference; lastKnownFileType = sourcecode.swift; path = ViewController.swift; sourceTree = "<group>"; };
		3361899228576F69007936D0 /* Base */ = {isa = PBXFileReference; lastKnownFileType = file.storyboard; name = Base; path = Base.lproj/Main.storyboard; sourceTree = "<group>"; };
		3361899428576F6A007936D0 /* Assets.xcassets */ = {isa = PBXFileReference; lastKnownFileType = folder.assetcatalog; path = Assets.xcassets; sourceTree = "<group>"; };
		3361899728576F6A007936D0 /* Base */ = {isa = PBXFileReference; lastKnownFileType = file.storyboard; name = Base; path = Base.lproj/LaunchScreen.storyboard; sourceTree = "<group>"; };
		3361899928576F6A007936D0 /* Info.plist */ = {isa = PBXFileReference; lastKnownFileType = text.plist.xml; path = Info.plist; sourceTree = "<group>"; };
		336189A028577065007936D0 /* Jeu.swift */ = {isa = PBXFileReference; lastKnownFileType = sourcecode.swift; path = Jeu.swift; sourceTree = "<group>"; };
		336189A22857707A007936D0 /* Joueur.swift */ = {isa = PBXFileReference; lastKnownFileType = sourcecode.swift; path = Joueur.swift; sourceTree = "<group>"; };
		336189A4285773EC007936D0 /* Personnage.swift */ = {isa = PBXFileReference; lastKnownFileType = sourcecode.swift; path = Personnage.swift; sourceTree = "<group>"; };
		336189A628577661007936D0 /* Warrior.swift */ = {isa = PBXFileReference; lastKnownFileType = sourcecode.swift; path = Warrior.swift; sourceTree = "<group>"; };
		336189A828577679007936D0 /* Magus.swift */ = {isa = PBXFileReference; lastKnownFileType = sourcecode.swift; path = Magus.swift; sourceTree = "<group>"; };
		336189AA2857768A007936D0 /* Colossus.swift */ = {isa = PBXFileReference; lastKnownFileType = sourcecode.swift; path = Colossus.swift; sourceTree = "<group>"; };
		336189AC2857769C007936D0 /* Dwarf.swift */ = {isa = PBXFileReference; lastKnownFileType = sourcecode.swift; path = Dwarf.swift; sourceTree = "<group>"; };
/* End PBXFileReference section */

/* Begin PBXFrameworksBuildPhase section */
		3361898528576F69007936D0 /* Frameworks */ = {
			isa = PBXFrameworksBuildPhase;
			buildActionMask = 2147483647;
			files = (
			);
			runOnlyForDeploymentPostprocessing = 0;
		};
/* End PBXFrameworksBuildPhase section */

/* Begin PBXGroup section */
		3361897F28576F69007936D0 = {
			isa = PBXGroup;
			children = (
				3361898A28576F69007936D0 /* Game */,
				3361898928576F69007936D0 /* Products */,
			);
			sourceTree = "<group>";
		};
		3361898928576F69007936D0 /* Products */ = {
			isa = PBXGroup;
			children = (
				3361898828576F69007936D0 /* Game.app */,
			);
			name = Products;
			sourceTree = "<group>";
		};
		3361898A28576F69007936D0 /* Game */ = {
			isa = PBXGroup;
			children = (
				3361899F28577011007936D0 /* models */,
				3361898B28576F69007936D0 /* AppDelegate.swift */,
				3361898D28576F69007936D0 /* SceneDelegate.swift */,
				3361898F28576F69007936D0 /* ViewController.swift */,
				3361899128576F69007936D0 /* Main.storyboard */,
				3361899428576F6A007936D0 /* Assets.xcassets */,
				3361899628576F6A007936D0 /* LaunchScreen.storyboard */,
				3361899928576F6A007936D0 /* Info.plist */,
			);
			path = Game;
			sourceTree = "<group>";
		};
		3361899F28577011007936D0 /* models */ = {
			isa = PBXGroup;
			children = (
				336189A028577065007936D0 /* Jeu.swift */,
				336189A22857707A007936D0 /* Joueur.swift */,
				336189A4285773EC007936D0 /* Personnage.swift */,
				336189A628577661007936D0 /* Warrior.swift */,
				336189A828577679007936D0 /* Magus.swift */,
				336189AA2857768A007936D0 /* Colossus.swift */,
				336189AC2857769C007936D0 /* Dwarf.swift */,
			);
			path = models;
			sourceTree = "<group>";
		};
/* End PBXGroup section */

/* Begin PBXNativeTarget section */
		3361898728576F69007936D0 /* Game */ = {
			isa = PBXNativeTarget;
			buildConfigurationList = 3361899C28576F6A007936D0 /* Build configuration list for PBXNativeTarget "Game" */;
			buildPhases = (
				3361898428576F69007936D0 /* Sources */,
				3361898528576F69007936D0 /* Frameworks */,
				3361898628576F69007936D0 /* Resources */,
			);
			buildRules = (
			);
			dependencies = (
			);
			name = Game;
			productName = Game;
			productReference = 3361898828576F69007936D0 /* Game.app */;
			productType = "com.apple.product-type.application";
		};
/* End PBXNativeTarget section */

/* Begin PBXProject section */
		3361898028576F69007936D0 /* Project object */ = {
			isa = PBXProject;
			attributes = {
				BuildIndependentTargetsInParallel = 1;
				LastSwiftUpdateCheck = 1340;
				LastUpgradeCheck = 1340;
				TargetAttributes = {
					3361898728576F69007936D0 = {
						CreatedOnToolsVersion = 13.4.1;
					};
				};
			};
			buildConfigurationList = 3361898328576F69007936D0 /* Build configuration list for PBXProject "Game" */;
			compatibilityVersion = "Xcode 13.0";
			developmentRegion = en;
			hasScannedForEncodings = 0;
			knownRegions = (
				en,
				Base,
			);
			mainGroup = 3361897F28576F69007936D0;
			productRefGroup = 3361898928576F69007936D0 /* Products */;
			projectDirPath = "";
			projectRoot = "";
			targets = (
				3361898728576F69007936D0 /* Game */,
			);
		};
/* End PBXProject section */

/* Begin PBXResourcesBuildPhase section */
		3361898628576F69007936D0 /* Resources */ = {
			isa = PBXResourcesBuildPhase;
			buildActionMask = 2147483647;
			files = (
				3361899828576F6A007936D0 /* LaunchScreen.storyboard in Resources */,
				3361899528576F6A007936D0 /* Assets.xcassets in Resources */,
				3361899328576F69007936D0 /* Main.storyboard in Resources */,
			);
			runOnlyForDeploymentPostprocessing = 0;
		};
/* End PBXResourcesBuildPhase section */

/* Begin PBXSourcesBuildPhase section */
		3361898428576F69007936D0 /* Sources */ = {
			isa = PBXSourcesBuildPhase;
			buildActionMask = 2147483647;
			files = (
				336189A728577661007936D0 /* Warrior.swift in Sources */,
				336189A128577065007936D0 /* Jeu.swift in Sources */,
				336189AD2857769C007936D0 /* Dwarf.swift in Sources */,
				336189A5285773EC007936D0 /* Personnage.swift in Sources */,
				336189A928577679007936D0 /* Magus.swift in Sources */,
				336189AB2857768A007936D0 /* Colossus.swift in Sources */,
				3361899028576F69007936D0 /* ViewController.swift in Sources */,
				3361898C28576F69007936D0 /* AppDelegate.swift in Sources */,
				3361898E28576F69007936D0 /* SceneDelegate.swift in Sources */,
				336189A32857707A007936D0 /* Joueur.swift in Sources */,
			);
			runOnlyForDeploymentPostprocessing = 0;
		};
/* End PBXSourcesBuildPhase section */

/* Begin PBXVariantGroup section */
		3361899128576F69007936D0 /* Main.storyboard */ = {
			isa = PBXVariantGroup;
			children = (
				3361899228576F69007936D0 /* Base */,
			);
			name = Main.storyboard;
			sourceTree = "<group>";
		};
		3361899628576F6A007936D0 /* LaunchScreen.storyboard */ = {
			isa = PBXVariantGroup;
			children = (
				3361899728576F6A007936D0 /* Base */,
			);
			name = LaunchScreen.storyboard;
			sourceTree = "<group>";
		};
/* End PBXVariantGroup section */

/* Begin XCBuildConfiguration section */
		3361899A28576F6A007936D0 /* Debug */ = {
			isa = XCBuildConfiguration;
			buildSettings = {
				ALWAYS_SEARCH_USER_PATHS = NO;
				CLANG_ANALYZER_NONNULL = YES;
				CLANG_ANALYZER_NUMBER_OBJECT_CONVERSION = YES_AGGRESSIVE;
				CLANG_CXX_LANGUAGE_STANDARD = "gnu++17";
				CLANG_ENABLE_MODULES = YES;
				CLANG_ENABLE_OBJC_ARC = YES;
				CLANG_ENABLE_OBJC_WEAK = YES;
				CLANG_WARN_BLOCK_CAPTURE_AUTORELEASING = YES;
				CLANG_WARN_BOOL_CONVERSION = YES;
				CLANG_WARN_COMMA = YES;
				CLANG_WARN_CONSTANT_CONVERSION = YES;
				CLANG_WARN_DEPRECATED_OBJC_IMPLEMENTATIONS = YES;
				CLANG_WARN_DIRECT_OBJC_ISA_USAGE = YES_ERROR;
				CLANG_WARN_DOCUMENTATION_COMMENTS = YES;
				CLANG_WARN_EMPTY_BODY = YES;
				CLANG_WARN_ENUM_CONVERSION = YES;
				CLANG_WARN_INFINITE_RECURSION = YES;
				CLANG_WARN_INT_CONVERSION = YES;
				CLANG_WARN_NON_LITERAL_NULL_CONVERSION = YES;
				CLANG_WARN_OBJC_IMPLICIT_RETAIN_SELF = YES;
				CLANG_WARN_OBJC_LITERAL_CONVERSION = YES;
				CLANG_WARN_OBJC_ROOT_CLASS = YES_ERROR;
				CLANG_WARN_QUOTED_INCLUDE_IN_FRAMEWORK_HEADER = YES;
				CLANG_WARN_RANGE_LOOP_ANALYSIS = YES;
				CLANG_WARN_STRICT_PROTOTYPES = YES;
				CLANG_WARN_SUSPICIOUS_MOVE = YES;
				CLANG_WARN_UNGUARDED_AVAILABILITY = YES_AGGRESSIVE;
				CLANG_WARN_UNREACHABLE_CODE = YES;
				CLANG_WARN__DUPLICATE_METHOD_MATCH = YES;
				COPY_PHASE_STRIP = NO;
				DEBUG_INFORMATION_FORMAT = dwarf;
				ENABLE_STRICT_OBJC_MSGSEND = YES;
				ENABLE_TESTABILITY = YES;
				GCC_C_LANGUAGE_STANDARD = gnu11;
				GCC_DYNAMIC_NO_PIC = NO;
				GCC_NO_COMMON_BLOCKS = YES;
				GCC_OPTIMIZATION_LEVEL = 0;
				GCC_PREPROCESSOR_DEFINITIONS = (
					"DEBUG=1",
					"$(inherited)",
				);
				GCC_WARN_64_TO_32_BIT_CONVERSION = YES;
				GCC_WARN_ABOUT_RETURN_TYPE = YES_ERROR;
				GCC_WARN_UNDECLARED_SELECTOR = YES;
				GCC_WARN_UNINITIALIZED_AUTOS = YES_AGGRESSIVE;
				GCC_WARN_UNUSED_FUNCTION = YES;
				GCC_WARN_UNUSED_VARIABLE = YES;
				IPHONEOS_DEPLOYMENT_TARGET = 15.5;
				MTL_ENABLE_DEBUG_INFO = INCLUDE_SOURCE;
				MTL_FAST_MATH = YES;
				ONLY_ACTIVE_ARCH = YES;
				SDKROOT = iphoneos;
				SWIFT_ACTIVE_COMPILATION_CONDITIONS = DEBUG;
				SWIFT_OPTIMIZATION_LEVEL = "-Onone";
			};
			name = Debug;
		};
		3361899B28576F6A007936D0 /* Release */ = {
			isa = XCBuildConfiguration;
			buildSettings = {
				ALWAYS_SEARCH_USER_PATHS = NO;
				CLANG_ANALYZER_NONNULL = YES;
				CLANG_ANALYZER_NUMBER_OBJECT_CONVERSION = YES_AGGRESSIVE;
				CLANG_CXX_LANGUAGE_STANDARD = "gnu++17";
				CLANG_ENABLE_MODULES = YES;
				CLANG_ENABLE_OBJC_ARC = YES;
				CLANG_ENABLE_OBJC_WEAK = YES;
				CLANG_WARN_BLOCK_CAPTURE_AUTORELEASING = YES;
				CLANG_WARN_BOOL_CONVERSION = YES;
				CLANG_WARN_COMMA = YES;
				CLANG_WARN_CONSTANT_CONVERSION = YES;
				CLANG_WARN_DEPRECATED_OBJC_IMPLEMENTATIONS = YES;
				CLANG_WARN_DIRECT_OBJC_ISA_USAGE = YES_ERROR;
				CLANG_WARN_DOCUMENTATION_COMMENTS = YES;
				CLANG_WARN_EMPTY_BODY = YES;
				CLANG_WARN_ENUM_CONVERSION = YES;
				CLANG_WARN_INFINITE_RECURSION = YES;
				CLANG_WARN_INT_CONVERSION = YES;
				CLANG_WARN_NON_LITERAL_NULL_CONVERSION = YES;
				CLANG_WARN_OBJC_IMPLICIT_RETAIN_SELF = YES;
				CLANG_WARN_OBJC_LITERAL_CONVERSION = YES;
				CLANG_WARN_OBJC_ROOT_CLASS = YES_ERROR;
				CLANG_WARN_QUOTED_INCLUDE_IN_FRAMEWORK_HEADER = YES;
				CLANG_WARN_RANGE_LOOP_ANALYSIS = YES;
				CLANG_WARN_STRICT_PROTOTYPES = YES;
				CLANG_WARN_SUSPICIOUS_MOVE = YES;
				CLANG_WARN_UNGUARDED_AVAILABILITY = YES_AGGRESSIVE;
				CLANG_WARN_UNREACHABLE_CODE = YES;
				CLANG_WARN__DUPLICATE_METHOD_MATCH = YES;
				COPY_PHASE_STRIP = NO;
				DEBUG_INFORMATION_FORMAT = "dwarf-with-dsym";
				ENABLE_NS_ASSERTIONS = NO;
				ENABLE_STRICT_OBJC_MSGSEND = YES;
				GCC_C_LANGUAGE_STANDARD = gnu11;
				GCC_NO_COMMON_BLOCKS = YES;
				GCC_WARN_64_TO_32_BIT_CONVERSION = YES;
				GCC_WARN_ABOUT_RETURN_TYPE = YES_ERROR;
				GCC_WARN_UNDECLARED_SELECTOR = YES;
				GCC_WARN_UNINITIALIZED_AUTOS = YES_AGGRESSIVE;
				GCC_WARN_UNUSED_FUNCTION = YES;
				GCC_WARN_UNUSED_VARIABLE = YES;
				IPHONEOS_DEPLOYMENT_TARGET = 15.5;
				MTL_ENABLE_DEBUG_INFO = NO;
				MTL_FAST_MATH = YES;
				SDKROOT = iphoneos;
				SWIFT_COMPILATION_MODE = wholemodule;
				SWIFT_OPTIMIZATION_LEVEL = "-O";
				VALIDATE_PRODUCT = YES;
			};
			name = Release;
		};
		3361899D28576F6A007936D0 /* Debug */ = {
			isa = XCBuildConfiguration;
			buildSettings = {
				ASSETCATALOG_COMPILER_APPICON_NAME = AppIcon;
				ASSETCATALOG_COMPILER_GLOBAL_ACCENT_COLOR_NAME = AccentColor;
				CODE_SIGN_STYLE = Automatic;
				CURRENT_PROJECT_VERSION = 1;
				GENERATE_INFOPLIST_FILE = YES;
				INFOPLIST_FILE = Game/Info.plist;
				INFOPLIST_KEY_UIApplicationSupportsIndirectInputEvents = YES;
				INFOPLIST_KEY_UILaunchStoryboardName = LaunchScreen;
				INFOPLIST_KEY_UIMainStoryboardFile = Main;
				INFOPLIST_KEY_UISupportedInterfaceOrientations_iPad = "UIInterfaceOrientationPortrait UIInterfaceOrientationPortraitUpsideDown UIInterfaceOrientationLandscapeLeft UIInterfaceOrientationLandscapeRight";
				INFOPLIST_KEY_UISupportedInterfaceOrientations_iPhone = "UIInterfaceOrientationPortrait UIInterfaceOrientationLandscapeLeft UIInterfaceOrientationLandscapeRight";
				LD_RUNPATH_SEARCH_PATHS = (
					"$(inherited)",
					"@executable_path/Frameworks",
				);
				MARKETING_VERSION = 1.0;
				PRODUCT_BUNDLE_IDENTIFIER = com.OcKaedLearningProject.Game;
				PRODUCT_NAME = "$(TARGET_NAME)";
				SWIFT_EMIT_LOC_STRINGS = YES;
				SWIFT_VERSION = 5.0;
				TARGETED_DEVICE_FAMILY = "1,2";
			};
			name = Debug;
		};
		3361899E28576F6A007936D0 /* Release */ = {
			isa = XCBuildConfiguration;
			buildSettings = {
				ASSETCATALOG_COMPILER_APPICON_NAME = AppIcon;
				ASSETCATALOG_COMPILER_GLOBAL_ACCENT_COLOR_NAME = AccentColor;
				CODE_SIGN_STYLE = Automatic;
				CURRENT_PROJECT_VERSION = 1;
				GENERATE_INFOPLIST_FILE = YES;
				INFOPLIST_FILE = Game/Info.plist;
				INFOPLIST_KEY_UIApplicationSupportsIndirectInputEvents = YES;
				INFOPLIST_KEY_UILaunchStoryboardName = LaunchScreen;
				INFOPLIST_KEY_UIMainStoryboardFile = Main;
				INFOPLIST_KEY_UISupportedInterfaceOrientations_iPad = "UIInterfaceOrientationPortrait UIInterfaceOrientationPortraitUpsideDown UIInterfaceOrientationLandscapeLeft UIInterfaceOrientationLandscapeRight";
				INFOPLIST_KEY_UISupportedInterfaceOrientations_iPhone = "UIInterfaceOrientationPortrait UIInterfaceOrientationLandscapeLeft UIInterfaceOrientationLandscapeRight";
				LD_RUNPATH_SEARCH_PATHS = (
					"$(inherited)",
					"@executable_path/Frameworks",
				);
				MARKETING_VERSION = 1.0;
				PRODUCT_BUNDLE_IDENTIFIER = com.OcKaedLearningProject.Game;
				PRODUCT_NAME = "$(TARGET_NAME)";
				SWIFT_EMIT_LOC_STRINGS = YES;
				SWIFT_VERSION = 5.0;
				TARGETED_DEVICE_FAMILY = "1,2";
			};
			name = Release;
		};
/* End XCBuildConfiguration section */

/* Begin XCConfigurationList section */
		3361898328576F69007936D0 /* Build configuration list for PBXProject "Game" */ = {
			isa = XCConfigurationList;
			buildConfigurations = (
				3361899A28576F6A007936D0 /* Debug */,
				3361899B28576F6A007936D0 /* Release */,
			);
			defaultConfigurationIsVisible = 0;
			defaultConfigurationName = Release;
		};
		3361899C28576F6A007936D0 /* Build configuration list for PBXNativeTarget "Game" */ = {
			isa = XCConfigurationList;
			buildConfigurations = (
				3361899D28576F6A007936D0 /* Debug */,
				3361899E28576F6A007936D0 /* Release */,
			);
			defaultConfigurationIsVisible = 0;
			defaultConfigurationName = Release;
		};
/* End XCConfigurationList section */
	};
	rootObject = 3361898028576F69007936D0 /* Project object */;
}
